// !$*UTF8*$!
{
	archiveVersion = 1;
	classes = {
	};
	objectVersion = 50;
	objects = {

/* Begin PBXBuildFile section */
		94FA02C4216D19EB00EC66E0 /* AppDelegate.swift in Sources */ = {isa = PBXBuildFile; fileRef = 94FA02C3216D19EB00EC66E0 /* AppDelegate.swift */; };
		94FA02C6216D19EB00EC66E0 /* IntroductionViewController.swift in Sources */ = {isa = PBXBuildFile; fileRef = 94FA02C5216D19EB00EC66E0 /* IntroductionViewController.swift */; };
		94FA02C9216D19EB00EC66E0 /* Main.storyboard in Resources */ = {isa = PBXBuildFile; fileRef = 94FA02C7216D19EB00EC66E0 /* Main.storyboard */; };
		94FA02CB216D19EF00EC66E0 /* Assets.xcassets in Resources */ = {isa = PBXBuildFile; fileRef = 94FA02CA216D19EF00EC66E0 /* Assets.xcassets */; };
		94FA02CE216D19EF00EC66E0 /* LaunchScreen.storyboard in Resources */ = {isa = PBXBuildFile; fileRef = 94FA02CC216D19EF00EC66E0 /* LaunchScreen.storyboard */; };
		94FA02D6216F891F00EC66E0 /* QuestionViewController.swift in Sources */ = {isa = PBXBuildFile; fileRef = 94FA02D5216F891F00EC66E0 /* QuestionViewController.swift */; };
		94FA02D8216F894C00EC66E0 /* ResultsViewController.swift in Sources */ = {isa = PBXBuildFile; fileRef = 94FA02D7216F894C00EC66E0 /* ResultsViewController.swift */; };
		94FA02FA21710D6B00EC66E0 /* Quest Data.swift in Sources */ = {isa = PBXBuildFile; fileRef = 94FA02F921710D6B00EC66E0 /* Quest Data.swift */; };
/* End PBXBuildFile section */

/* Begin PBXFileReference section */
		94FA02C0216D19EB00EC66E0 /* Quizz.Animal.app */ = {isa = PBXFileReference; explicitFileType = wrapper.application; includeInIndex = 0; path = Quizz.Animal.app; sourceTree = BUILT_PRODUCTS_DIR; };
		94FA02C3216D19EB00EC66E0 /* AppDelegate.swift */ = {isa = PBXFileReference; lastKnownFileType = sourcecode.swift; path = AppDelegate.swift; sourceTree = "<group>"; };
		94FA02C5216D19EB00EC66E0 /* IntroductionViewController.swift */ = {isa = PBXFileReference; lastKnownFileType = sourcecode.swift; path = IntroductionViewController.swift; sourceTree = "<group>"; };
		94FA02C8216D19EB00EC66E0 /* Base */ = {isa = PBXFileReference; lastKnownFileType = file.storyboard; name = Base; path = Base.lproj/Main.storyboard; sourceTree = "<group>"; };
		94FA02CA216D19EF00EC66E0 /* Assets.xcassets */ = {isa = PBXFileReference; lastKnownFileType = folder.assetcatalog; path = Assets.xcassets; sourceTree = "<group>"; };
		94FA02CD216D19EF00EC66E0 /* Base */ = {isa = PBXFileReference; lastKnownFileType = file.storyboard; name = Base; path = Base.lproj/LaunchScreen.storyboard; sourceTree = "<group>"; };
		94FA02CF216D19EF00EC66E0 /* Info.plist */ = {isa = PBXFileReference; lastKnownFileType = text.plist.xml; path = Info.plist; sourceTree = "<group>"; };
		94FA02D5216F891F00EC66E0 /* QuestionViewController.swift */ = {isa = PBXFileReference; lastKnownFileType = sourcecode.swift; path = QuestionViewController.swift; sourceTree = "<group>"; };
		94FA02D7216F894C00EC66E0 /* ResultsViewController.swift */ = {isa = PBXFileReference; lastKnownFileType = sourcecode.swift; path = ResultsViewController.swift; sourceTree = "<group>"; };
		94FA02F921710D6B00EC66E0 /* Quest Data.swift */ = {isa = PBXFileReference; lastKnownFileType = sourcecode.swift; path = "Quest Data.swift"; sourceTree = "<group>"; };
/* End PBXFileReference section */

/* Begin PBXFrameworksBuildPhase section */
		94FA02BD216D19EB00EC66E0 /* Frameworks */ = {
			isa = PBXFrameworksBuildPhase;
			buildActionMask = 2147483647;
			files = (
			);
			runOnlyForDeploymentPostprocessing = 0;
		};
/* End PBXFrameworksBuildPhase section */

/* Begin PBXGroup section */
		94FA02B7216D19EB00EC66E0 = {
			isa = PBXGroup;
			children = (
				94FA02C2216D19EB00EC66E0 /* Quizz.Animal */,
				94FA02C1216D19EB00EC66E0 /* Products */,
			);
			sourceTree = "<group>";
		};
		94FA02C1216D19EB00EC66E0 /* Products */ = {
			isa = PBXGroup;
			children = (
				94FA02C0216D19EB00EC66E0 /* Quizz.Animal.app */,
			);
			name = Products;
			sourceTree = "<group>";
		};
		94FA02C2216D19EB00EC66E0 /* Quizz.Animal */ = {
			isa = PBXGroup;
			children = (
				94FA02C3216D19EB00EC66E0 /* AppDelegate.swift */,
				94FA02C5216D19EB00EC66E0 /* IntroductionViewController.swift */,
				94FA02F921710D6B00EC66E0 /* Quest Data.swift */,
				94FA02D5216F891F00EC66E0 /* QuestionViewController.swift */,
				94FA02D7216F894C00EC66E0 /* ResultsViewController.swift */,
				94FA02C7216D19EB00EC66E0 /* Main.storyboard */,
				94FA02CA216D19EF00EC66E0 /* Assets.xcassets */,
				94FA02CC216D19EF00EC66E0 /* LaunchScreen.storyboard */,
				94FA02CF216D19EF00EC66E0 /* Info.plist */,
			);
			path = Quizz.Animal;
			sourceTree = "<group>";
		};
/* End PBXGroup section */

/* Begin PBXNativeTarget section */
		94FA02BF216D19EB00EC66E0 /* Quizz.Animal */ = {
			isa = PBXNativeTarget;
			buildConfigurationList = 94FA02D2216D19EF00EC66E0 /* Build configuration list for PBXNativeTarget "Quizz.Animal" */;
			buildPhases = (
				94FA02BC216D19EB00EC66E0 /* Sources */,
				94FA02BD216D19EB00EC66E0 /* Frameworks */,
				94FA02BE216D19EB00EC66E0 /* Resources */,
			);
			buildRules = (
			);
			dependencies = (
			);
			name = Quizz.Animal;
			productName = Quizz.Animal;
			productReference = 94FA02C0216D19EB00EC66E0 /* Quizz.Animal.app */;
			productType = "com.apple.product-type.application";
		};
/* End PBXNativeTarget section */

/* Begin PBXProject section */
		94FA02B8216D19EB00EC66E0 /* Project object */ = {
			isa = PBXProject;
			attributes = {
				LastSwiftUpdateCheck = 1000;
				LastUpgradeCheck = 1000;
				ORGANIZATIONNAME = "Igor Shelginskiy";
				TargetAttributes = {
					94FA02BF216D19EB00EC66E0 = {
						CreatedOnToolsVersion = 10.0;
					};
				};
			};
			buildConfigurationList = 94FA02BB216D19EB00EC66E0 /* Build configuration list for PBXProject "Quizz.Animal" */;
			compatibilityVersion = "Xcode 9.3";
			developmentRegion = en;
			hasScannedForEncodings = 0;
			knownRegions = (
				en,
				Base,
			);
			mainGroup = 94FA02B7216D19EB00EC66E0;
			productRefGroup = 94FA02C1216D19EB00EC66E0 /* Products */;
			projectDirPath = "";
			projectRoot = "";
			targets = (
				94FA02BF216D19EB00EC66E0 /* Quizz.Animal */,
			);
		};
/* End PBXProject section */

/* Begin PBXResourcesBuildPhase section */
		94FA02BE216D19EB00EC66E0 /* Resources */ = {
			isa = PBXResourcesBuildPhase;
			buildActionMask = 2147483647;
			files = (
				94FA02CE216D19EF00EC66E0 /* LaunchScreen.storyboard in Resources */,
				94FA02CB216D19EF00EC66E0 /* Assets.xcassets in Resources */,
				94FA02C9216D19EB00EC66E0 /* Main.storyboard in Resources */,
			);
			runOnlyForDeploymentPostprocessing = 0;
		};
/* End PBXResourcesBuildPhase section */

/* Begin PBXSourcesBuildPhase section */
		94FA02BC216D19EB00EC66E0 /* Sources */ = {
			isa = PBXSourcesBuildPhase;
			buildActionMask = 2147483647;
			files = (
				94FA02C6216D19EB00EC66E0 /* IntroductionViewController.swift in Sources */,
				94FA02FA21710D6B00EC66E0 /* Quest Data.swift in Sources */,
				94FA02C4216D19EB00EC66E0 /* AppDelegate.swift in Sources */,
				94FA02D6216F891F00EC66E0 /* QuestionViewController.swift in Sources */,
				94FA02D8216F894C00EC66E0 /* ResultsViewController.swift in Sources */,
			);
			runOnlyForDeploymentPostprocessing = 0;
		};
/* End PBXSourcesBuildPhase section */

/* Begin PBXVariantGroup section */
		94FA02C7216D19EB00EC66E0 /* Main.storyboard */ = {
			isa = PBXVariantGroup;
			children = (
				94FA02C8216D19EB00EC66E0 /* Base */,
			);
			name = Main.storyboard;
			sourceTree = "<group>";
		};
		94FA02CC216D19EF00EC66E0 /* LaunchScreen.storyboard */ = {
			isa = PBXVariantGroup;
			children = (
				94FA02CD216D19EF00EC66E0 /* Base */,
			);
			name = LaunchScreen.storyboard;
			sourceTree = "<group>";
		};
/* End PBXVariantGroup section */

/* Begin XCBuildConfiguration section */
		94FA02D0216D19EF00EC66E0 /* Debug */ = {
			isa = XCBuildConfiguration;
			buildSettings = {
				ALWAYS_SEARCH_USER_PATHS = NO;
				CLANG_ANALYZER_NONNULL = YES;
				CLANG_ANALYZER_NUMBER_OBJECT_CONVERSION = YES_AGGRESSIVE;
				CLANG_CXX_LANGUAGE_STANDARD = "gnu++14";
				CLANG_CXX_LIBRARY = "libc++";
				CLANG_ENABLE_MODULES = YES;
				CLANG_ENABLE_OBJC_ARC = YES;
				CLANG_ENABLE_OBJC_WEAK = YES;
				CLANG_WARN_BLOCK_CAPTURE_AUTORELEASING = YES;
				CLANG_WARN_BOOL_CONVERSION = YES;
				CLANG_WARN_COMMA = YES;
				CLANG_WARN_CONSTANT_CONVERSION = YES;
				CLANG_WARN_DEPRECATED_OBJC_IMPLEMENTATIONS = YES;
				CLANG_WARN_DIRECT_OBJC_ISA_USAGE = YES_ERROR;
				CLANG_WARN_DOCUMENTATION_COMMENTS = YES;
				CLANG_WARN_EMPTY_BODY = YES;
				CLANG_WARN_ENUM_CONVERSION = YES;
				CLANG_WARN_INFINITE_RECURSION = YES;
				CLANG_WARN_INT_CONVERSION = YES;
				CLANG_WARN_NON_LITERAL_NULL_CONVERSION = YES;
				CLANG_WARN_OBJC_IMPLICIT_RETAIN_SELF = YES;
				CLANG_WARN_OBJC_LITERAL_CONVERSION = YES;
				CLANG_WARN_OBJC_ROOT_CLASS = YES_ERROR;
				CLANG_WARN_RANGE_LOOP_ANALYSIS = YES;
				CLANG_WARN_STRICT_PROTOTYPES = YES;
				CLANG_WARN_SUSPICIOUS_MOVE = YES;
				CLANG_WARN_UNGUARDED_AVAILABILITY = YES_AGGRESSIVE;
				CLANG_WARN_UNREACHABLE_CODE = YES;
				CLANG_WARN__DUPLICATE_METHOD_MATCH = YES;
				CODE_SIGN_IDENTITY = "iPhone Developer";
				COPY_PHASE_STRIP = NO;
				DEBUG_INFORMATION_FORMAT = dwarf;
				ENABLE_STRICT_OBJC_MSGSEND = YES;
				ENABLE_TESTABILITY = YES;
				GCC_C_LANGUAGE_STANDARD = gnu11;
				GCC_DYNAMIC_NO_PIC = NO;
				GCC_NO_COMMON_BLOCKS = YES;
				GCC_OPTIMIZATION_LEVEL = 0;
				GCC_PREPROCESSOR_DEFINITIONS = (
					"DEBUG=1",
					"$(inherited)",
				);
				GCC_WARN_64_TO_32_BIT_CONVERSION = YES;
				GCC_WARN_ABOUT_RETURN_TYPE = YES_ERROR;
				GCC_WARN_UNDECLARED_SELECTOR = YES;
				GCC_WARN_UNINITIALIZED_AUTOS = YES_AGGRESSIVE;
				GCC_WARN_UNUSED_FUNCTION = YES;
				GCC_WARN_UNUSED_VARIABLE = YES;
				IPHONEOS_DEPLOYMENT_TARGET = 12.0;
				MTL_ENABLE_DEBUG_INFO = INCLUDE_SOURCE;
				MTL_FAST_MATH = YES;
				ONLY_ACTIVE_ARCH = YES;
				SDKROOT = iphoneos;
				SWIFT_ACTIVE_COMPILATION_CONDITIONS = DEBUG;
				SWIFT_OPTIMIZATION_LEVEL = "-Onone";
			};
			name = Debug;
		};
		94FA02D1216D19EF00EC66E0 /* Release */ = {
			isa = XCBuildConfiguration;
			buildSettings = {
				ALWAYS_SEARCH_USER_PATHS = NO;
				CLANG_ANALYZER_NONNULL = YES;
				CLANG_ANALYZER_NUMBER_OBJECT_CONVERSION = YES_AGGRESSIVE;
				CLANG_CXX_LANGUAGE_STANDARD = "gnu++14";
				CLANG_CXX_LIBRARY = "libc++";
				CLANG_ENABLE_MODULES = YES;
				CLANG_ENABLE_OBJC_ARC = YES;
				CLANG_ENABLE_OBJC_WEAK = YES;
				CLANG_WARN_BLOCK_CAPTURE_AUTORELEASING = YES;
				CLANG_WARN_BOOL_CONVERSION = YES;
				CLANG_WARN_COMMA = YES;
				CLANG_WARN_CONSTANT_CONVERSION = YES;
				CLANG_WARN_DEPRECATED_OBJC_IMPLEMENTATIONS = YES;
				CLANG_WARN_DIRECT_OBJC_ISA_USAGE = YES_ERROR;
				CLANG_WARN_DOCUMENTATION_COMMENTS = YES;
				CLANG_WARN_EMPTY_BODY = YES;
				CLANG_WARN_ENUM_CONVERSION = YES;
				CLANG_WARN_INFINITE_RECURSION = YES;
				CLANG_WARN_INT_CONVERSION = YES;
				CLANG_WARN_NON_LITERAL_NULL_CONVERSION = YES;
				CLANG_WARN_OBJC_IMPLICIT_RETAIN_SELF = YES;
				CLANG_WARN_OBJC_LITERAL_CONVERSION = YES;
				CLANG_WARN_OBJC_ROOT_CLASS = YES_ERROR;
				CLANG_WARN_RANGE_LOOP_ANALYSIS = YES;
				CLANG_WARN_STRICT_PROTOTYPES = YES;
				CLANG_WARN_SUSPICIOUS_MOVE = YES;
				CLANG_WARN_UNGUARDED_AVAILABILITY = YES_AGGRESSIVE;
				CLANG_WARN_UNREACHABLE_CODE = YES;
				CLANG_WARN__DUPLICATE_METHOD_MATCH = YES;
				CODE_SIGN_IDENTITY = "iPhone Developer";
				COPY_PHASE_STRIP = NO;
				DEBUG_INFORMATION_FORMAT = "dwarf-with-dsym";
				ENABLE_NS_ASSERTIONS = NO;
				ENABLE_STRICT_OBJC_MSGSEND = YES;
				GCC_C_LANGUAGE_STANDARD = gnu11;
				GCC_NO_COMMON_BLOCKS = YES;
				GCC_WARN_64_TO_32_BIT_CONVERSION = YES;
				GCC_WARN_ABOUT_RETURN_TYPE = YES_ERROR;
				GCC_WARN_UNDECLARED_SELECTOR = YES;
				GCC_WARN_UNINITIALIZED_AUTOS = YES_AGGRESSIVE;
				GCC_WARN_UNUSED_FUNCTION = YES;
				GCC_WARN_UNUSED_VARIABLE = YES;
				IPHONEOS_DEPLOYMENT_TARGET = 12.0;
				MTL_ENABLE_DEBUG_INFO = NO;
				MTL_FAST_MATH = YES;
				SDKROOT = iphoneos;
				SWIFT_COMPILATION_MODE = wholemodule;
				SWIFT_OPTIMIZATION_LEVEL = "-O";
				VALIDATE_PRODUCT = YES;
			};
			name = Release;
		};
		94FA02D3216D19EF00EC66E0 /* Debug */ = {
			isa = XCBuildConfiguration;
			buildSettings = {
				ASSETCATALOG_COMPILER_APPICON_NAME = AppIcon;
				CODE_SIGN_STYLE = Automatic;
				DEVELOPMENT_TEAM = BH8ZW8FZ54;
				INFOPLIST_FILE = Quizz.Animal/Info.plist;
				LD_RUNPATH_SEARCH_PATHS = (
					"$(inherited)",
					"@executable_path/Frameworks",
				);
				PRODUCT_BUNDLE_IDENTIFIER = "com.enigvor.Quizz-Animal";
				PRODUCT_NAME = "$(TARGET_NAME)";
				SWIFT_VERSION = 4.2;
				TARGETED_DEVICE_FAMILY = "1,2";
			};
			name = Debug;
		};
		94FA02D4216D19EF00EC66E0 /* Release */ = {
			isa = XCBuildConfiguration;
			buildSettings = {
				ASSETCATALOG_COMPILER_APPICON_NAME = AppIcon;
				CODE_SIGN_STYLE = Automatic;
				DEVELOPMENT_TEAM = BH8ZW8FZ54;
				INFOPLIST_FILE = Quizz.Animal/Info.plist;
				LD_RUNPATH_SEARCH_PATHS = (
					"$(inherited)",
					"@executable_path/Frameworks",
				);
				PRODUCT_BUNDLE_IDENTIFIER = "com.enigvor.Quizz-Animal";
				PRODUCT_NAME = "$(TARGET_NAME)";
				SWIFT_VERSION = 4.2;
				TARGETED_DEVICE_FAMILY = "1,2";
			};
			name = Release;
		};
/* End XCBuildConfiguration section */

/* Begin XCConfigurationList section */
		94FA02BB216D19EB00EC66E0 /* Build configuration list for PBXProject "Quizz.Animal" */ = {
			isa = XCConfigurationList;
			buildConfigurations = (
				94FA02D0216D19EF00EC66E0 /* Debug */,
				94FA02D1216D19EF00EC66E0 /* Release */,
			);
			defaultConfigurationIsVisible = 0;
			defaultConfigurationName = Release;
		};
		94FA02D2216D19EF00EC66E0 /* Build configuration list for PBXNativeTarget "Quizz.Animal" */ = {
			isa = XCConfigurationList;
			buildConfigurations = (
				94FA02D3216D19EF00EC66E0 /* Debug */,
				94FA02D4216D19EF00EC66E0 /* Release */,
			);
			defaultConfigurationIsVisible = 0;
			defaultConfigurationName = Release;
		};
/* End XCConfigurationList section */
	};
	rootObject = 94FA02B8216D19EB00EC66E0 /* Project object */;
}
